
Microsoft Visual Studio Solution File, Format Version 12.00
# Visual Studio Version 16
VisualStudioVersion = 25.0.1706.7
MinimumVisualStudioVersion = 10.0.40219.1
Project("{FAE04EC0-301F-11D3-BF4B-00C04F79EFBC}") = "Lab4A", "Lab4A\Lab4A.csproj", "{97323432-8C3B-41A5-BC1D-EE001368E775}"
EndProject
Global
	GlobalSection(SolutionConfigurationPlatforms) = preSolution
		Debug|Any CPU = Debug|Any CPU
		Release|Any CPU = Release|Any CPU
	EndGlobalSection
	GlobalSection(ProjectConfigurationPlatforms) = postSolution
		{97323432-8C3B-41A5-BC1D-EE001368E775}.Debug|Any CPU.ActiveCfg = Debug|Any CPU
		{97323432-8C3B-41A5-BC1D-EE001368E775}.Debug|Any CPU.Build.0 = Debug|Any CPU
		{97323432-8C3B-41A5-BC1D-EE001368E775}.Release|Any CPU.ActiveCfg = Release|Any CPU
		{97323432-8C3B-41A5-BC1D-EE001368E775}.Release|Any CPU.Build.0 = Release|Any CPU
	EndGlobalSection
	GlobalSection(SolutionProperties) = preSolution
		HideSolutionNode = FALSE
	EndGlobalSection
	GlobalSection(ExtensibilityGlobals) = postSolution
		SolutionGuid = {C0D6F5DD-14A0-4B17-AA42-473634A92486}
	EndGlobalSection
EndGlobal
